// !$*UTF8*$!
{
	archiveVersion = 1;
	classes = {
	};
	objectVersion = 48;
	objects = {

/* Begin PBXBuildFile section */
		987452DD02FACED9B6B6A8A9 /* Pods_KekeRoom.framework in Frameworks */ = {isa = PBXBuildFile; fileRef = C86BB9CEA3D6F4E656B68536 /* Pods_KekeRoom.framework */; };
		A025ABC01FB0A60C0064D0F3 /* AppDelegate.swift in Sources */ = {isa = PBXBuildFile; fileRef = A025ABBF1FB0A60C0064D0F3 /* AppDelegate.swift */; };
		A025ABC51FB0A60C0064D0F3 /* Main.storyboard in Resources */ = {isa = PBXBuildFile; fileRef = A025ABC31FB0A60C0064D0F3 /* Main.storyboard */; };
		A025ABC71FB0A60C0064D0F3 /* Assets.xcassets in Resources */ = {isa = PBXBuildFile; fileRef = A025ABC61FB0A60C0064D0F3 /* Assets.xcassets */; };
		A025ABCA1FB0A60C0064D0F3 /* LaunchScreen.storyboard in Resources */ = {isa = PBXBuildFile; fileRef = A025ABC81FB0A60C0064D0F3 /* LaunchScreen.storyboard */; };
		A025ABD41FB1F0A20064D0F3 /* KKCircleProgressView.swift in Sources */ = {isa = PBXBuildFile; fileRef = A025ABD31FB1F0A20064D0F3 /* KKCircleProgressView.swift */; };
		A03909301FB68ED600FCB825 /* KKHomeTableViewCell.swift in Sources */ = {isa = PBXBuildFile; fileRef = A039092F1FB68ED600FCB825 /* KKHomeTableViewCell.swift */; };
		A0A168AF1FB6B7E100785B59 /* KKCalculateViewController.swift in Sources */ = {isa = PBXBuildFile; fileRef = A0A168AE1FB6B7E100785B59 /* KKCalculateViewController.swift */; };
		A0A168B11FB6B86700785B59 /* KKHomeViewController.swift in Sources */ = {isa = PBXBuildFile; fileRef = A0A168B01FB6B86700785B59 /* KKHomeViewController.swift */; };
/* End PBXBuildFile section */

/* Begin PBXFileReference section */
		80A9546F15D6913C4B4A74B2 /* Pods-KekeRoom.release.xcconfig */ = {isa = PBXFileReference; includeInIndex = 1; lastKnownFileType = text.xcconfig; name = "Pods-KekeRoom.release.xcconfig"; path = "Pods/Target Support Files/Pods-KekeRoom/Pods-KekeRoom.release.xcconfig"; sourceTree = "<group>"; };
		A025ABBC1FB0A60C0064D0F3 /* KekeRoom.app */ = {isa = PBXFileReference; explicitFileType = wrapper.application; includeInIndex = 0; path = KekeRoom.app; sourceTree = BUILT_PRODUCTS_DIR; };
		A025ABBF1FB0A60C0064D0F3 /* AppDelegate.swift */ = {isa = PBXFileReference; lastKnownFileType = sourcecode.swift; path = AppDelegate.swift; sourceTree = "<group>"; };
		A025ABC41FB0A60C0064D0F3 /* Base */ = {isa = PBXFileReference; lastKnownFileType = file.storyboard; name = Base; path = Base.lproj/Main.storyboard; sourceTree = "<group>"; };
		A025ABC61FB0A60C0064D0F3 /* Assets.xcassets */ = {isa = PBXFileReference; lastKnownFileType = folder.assetcatalog; path = Assets.xcassets; sourceTree = "<group>"; };
		A025ABC91FB0A60C0064D0F3 /* Base */ = {isa = PBXFileReference; lastKnownFileType = file.storyboard; name = Base; path = Base.lproj/LaunchScreen.storyboard; sourceTree = "<group>"; };
		A025ABCB1FB0A60C0064D0F3 /* Info.plist */ = {isa = PBXFileReference; lastKnownFileType = text.plist.xml; path = Info.plist; sourceTree = "<group>"; };
		A025ABD31FB1F0A20064D0F3 /* KKCircleProgressView.swift */ = {isa = PBXFileReference; lastKnownFileType = sourcecode.swift; path = KKCircleProgressView.swift; sourceTree = "<group>"; };
		A039092F1FB68ED600FCB825 /* KKHomeTableViewCell.swift */ = {isa = PBXFileReference; lastKnownFileType = sourcecode.swift; path = KKHomeTableViewCell.swift; sourceTree = "<group>"; };
		A0A168AE1FB6B7E100785B59 /* KKCalculateViewController.swift */ = {isa = PBXFileReference; lastKnownFileType = sourcecode.swift; path = KKCalculateViewController.swift; sourceTree = "<group>"; };
		A0A168B01FB6B86700785B59 /* KKHomeViewController.swift */ = {isa = PBXFileReference; fileEncoding = 4; lastKnownFileType = sourcecode.swift; path = KKHomeViewController.swift; sourceTree = "<group>"; };
		C86BB9CEA3D6F4E656B68536 /* Pods_KekeRoom.framework */ = {isa = PBXFileReference; explicitFileType = wrapper.framework; includeInIndex = 0; path = Pods_KekeRoom.framework; sourceTree = BUILT_PRODUCTS_DIR; };
		EC19452A7AB4DE88611D2999 /* Pods-KekeRoom.debug.xcconfig */ = {isa = PBXFileReference; includeInIndex = 1; lastKnownFileType = text.xcconfig; name = "Pods-KekeRoom.debug.xcconfig"; path = "Pods/Target Support Files/Pods-KekeRoom/Pods-KekeRoom.debug.xcconfig"; sourceTree = "<group>"; };
/* End PBXFileReference section */

/* Begin PBXFrameworksBuildPhase section */
		A025ABB91FB0A60C0064D0F3 /* Frameworks */ = {
			isa = PBXFrameworksBuildPhase;
			buildActionMask = 2147483647;
			files = (
				987452DD02FACED9B6B6A8A9 /* Pods_KekeRoom.framework in Frameworks */,
			);
			runOnlyForDeploymentPostprocessing = 0;
		};
/* End PBXFrameworksBuildPhase section */

/* Begin PBXGroup section */
		45168CF7B19165B984ACA895 /* Pods */ = {
			isa = PBXGroup;
			children = (
				EC19452A7AB4DE88611D2999 /* Pods-KekeRoom.debug.xcconfig */,
				80A9546F15D6913C4B4A74B2 /* Pods-KekeRoom.release.xcconfig */,
			);
			name = Pods;
			sourceTree = "<group>";
		};
		84FB98D380AF14227432DE33 /* Frameworks */ = {
			isa = PBXGroup;
			children = (
				C86BB9CEA3D6F4E656B68536 /* Pods_KekeRoom.framework */,
			);
			name = Frameworks;
			sourceTree = "<group>";
		};
		A025ABB31FB0A60C0064D0F3 = {
			isa = PBXGroup;
			children = (
				A025ABBE1FB0A60C0064D0F3 /* KekeRoom */,
				A025ABBD1FB0A60C0064D0F3 /* Products */,
				45168CF7B19165B984ACA895 /* Pods */,
				84FB98D380AF14227432DE33 /* Frameworks */,
			);
			sourceTree = "<group>";
		};
		A025ABBD1FB0A60C0064D0F3 /* Products */ = {
			isa = PBXGroup;
			children = (
				A025ABBC1FB0A60C0064D0F3 /* KekeRoom.app */,
			);
			name = Products;
			sourceTree = "<group>";
		};
		A025ABBE1FB0A60C0064D0F3 /* KekeRoom */ = {
			isa = PBXGroup;
			children = (
				A025ABBF1FB0A60C0064D0F3 /* AppDelegate.swift */,
				A0A168B01FB6B86700785B59 /* KKHomeViewController.swift */,
				A0A168AE1FB6B7E100785B59 /* KKCalculateViewController.swift */,
				A039092F1FB68ED600FCB825 /* KKHomeTableViewCell.swift */,
				A025ABD31FB1F0A20064D0F3 /* KKCircleProgressView.swift */,
				A025ABC31FB0A60C0064D0F3 /* Main.storyboard */,
				A025ABC61FB0A60C0064D0F3 /* Assets.xcassets */,
				A025ABC81FB0A60C0064D0F3 /* LaunchScreen.storyboard */,
				A025ABCB1FB0A60C0064D0F3 /* Info.plist */,
			);
			path = KekeRoom;
			sourceTree = "<group>";
		};
/* End PBXGroup section */

/* Begin PBXNativeTarget section */
		A025ABBB1FB0A60C0064D0F3 /* KekeRoom */ = {
			isa = PBXNativeTarget;
			buildConfigurationList = A025ABCE1FB0A60C0064D0F3 /* Build configuration list for PBXNativeTarget "KekeRoom" */;
			buildPhases = (
				1F9D0A4C70F6C80966C2CE2A /* [CP] Check Pods Manifest.lock */,
				A025ABB81FB0A60C0064D0F3 /* Sources */,
				A025ABB91FB0A60C0064D0F3 /* Frameworks */,
				A025ABBA1FB0A60C0064D0F3 /* Resources */,
				43B9D3B850853805A6248265 /* [CP] Embed Pods Frameworks */,
				A324280F2DB0FB7B48477BAD /* [CP] Copy Pods Resources */,
			);
			buildRules = (
			);
			dependencies = (
			);
			name = KekeRoom;
			productName = KekeRoom;
			productReference = A025ABBC1FB0A60C0064D0F3 /* KekeRoom.app */;
			productType = "com.apple.product-type.application";
		};
/* End PBXNativeTarget section */

/* Begin PBXProject section */
		A025ABB41FB0A60C0064D0F3 /* Project object */ = {
			isa = PBXProject;
			attributes = {
				LastSwiftUpdateCheck = 0900;
				LastUpgradeCheck = 0900;
				ORGANIZATIONNAME = keke;
				TargetAttributes = {
					A025ABBB1FB0A60C0064D0F3 = {
						CreatedOnToolsVersion = 9.0.1;
						ProvisioningStyle = Automatic;
					};
				};
			};
			buildConfigurationList = A025ABB71FB0A60C0064D0F3 /* Build configuration list for PBXProject "KekeRoom" */;
			compatibilityVersion = "Xcode 8.0";
			developmentRegion = en;
			hasScannedForEncodings = 0;
			knownRegions = (
				en,
				Base,
			);
			mainGroup = A025ABB31FB0A60C0064D0F3;
			productRefGroup = A025ABBD1FB0A60C0064D0F3 /* Products */;
			projectDirPath = "";
			projectRoot = "";
			targets = (
				A025ABBB1FB0A60C0064D0F3 /* KekeRoom */,
			);
		};
/* End PBXProject section */

/* Begin PBXResourcesBuildPhase section */
		A025ABBA1FB0A60C0064D0F3 /* Resources */ = {
			isa = PBXResourcesBuildPhase;
			buildActionMask = 2147483647;
			files = (
				A025ABCA1FB0A60C0064D0F3 /* LaunchScreen.storyboard in Resources */,
				A025ABC71FB0A60C0064D0F3 /* Assets.xcassets in Resources */,
				A025ABC51FB0A60C0064D0F3 /* Main.storyboard in Resources */,
			);
			runOnlyForDeploymentPostprocessing = 0;
		};
/* End PBXResourcesBuildPhase section */

/* Begin PBXShellScriptBuildPhase section */
		1F9D0A4C70F6C80966C2CE2A /* [CP] Check Pods Manifest.lock */ = {
			isa = PBXShellScriptBuildPhase;
			buildActionMask = 2147483647;
			files = (
			);
			inputPaths = (
				"${PODS_PODFILE_DIR_PATH}/Podfile.lock",
				"${PODS_ROOT}/Manifest.lock",
			);
			name = "[CP] Check Pods Manifest.lock";
			outputPaths = (
				"$(DERIVED_FILE_DIR)/Pods-KekeRoom-checkManifestLockResult.txt",
			);
			runOnlyForDeploymentPostprocessing = 0;
			shellPath = /bin/sh;
			shellScript = "diff \"${PODS_PODFILE_DIR_PATH}/Podfile.lock\" \"${PODS_ROOT}/Manifest.lock\" > /dev/null\nif [ $? != 0 ] ; then\n    # print error to STDERR\n    echo \"error: The sandbox is not in sync with the Podfile.lock. Run 'pod install' or update your CocoaPods installation.\" >&2\n    exit 1\nfi\n# This output is used by Xcode 'outputs' to avoid re-running this script phase.\necho \"SUCCESS\" > \"${SCRIPT_OUTPUT_FILE_0}\"\n";
			showEnvVarsInLog = 0;
		};
		43B9D3B850853805A6248265 /* [CP] Embed Pods Frameworks */ = {
			isa = PBXShellScriptBuildPhase;
			buildActionMask = 2147483647;
			files = (
			);
			inputPaths = (
				"${SRCROOT}/Pods/Target Support Files/Pods-KekeRoom/Pods-KekeRoom-frameworks.sh",
				"${BUILT_PRODUCTS_DIR}/SnapKit/SnapKit.framework",
			);
			name = "[CP] Embed Pods Frameworks";
			outputPaths = (
				"${TARGET_BUILD_DIR}/${FRAMEWORKS_FOLDER_PATH}/SnapKit.framework",
			);
			runOnlyForDeploymentPostprocessing = 0;
			shellPath = /bin/sh;
			shellScript = "\"${SRCROOT}/Pods/Target Support Files/Pods-KekeRoom/Pods-KekeRoom-frameworks.sh\"\n";
			showEnvVarsInLog = 0;
		};
		A324280F2DB0FB7B48477BAD /* [CP] Copy Pods Resources */ = {
			isa = PBXShellScriptBuildPhase;
			buildActionMask = 2147483647;
			files = (
			);
			inputPaths = (
			);
			name = "[CP] Copy Pods Resources";
			outputPaths = (
			);
			runOnlyForDeploymentPostprocessing = 0;
			shellPath = /bin/sh;
			shellScript = "\"${SRCROOT}/Pods/Target Support Files/Pods-KekeRoom/Pods-KekeRoom-resources.sh\"\n";
			showEnvVarsInLog = 0;
		};
/* End PBXShellScriptBuildPhase section */

/* Begin PBXSourcesBuildPhase section */
		A025ABB81FB0A60C0064D0F3 /* Sources */ = {
			isa = PBXSourcesBuildPhase;
			buildActionMask = 2147483647;
			files = (
				A025ABC01FB0A60C0064D0F3 /* AppDelegate.swift in Sources */,
				A025ABD41FB1F0A20064D0F3 /* KKCircleProgressView.swift in Sources */,
				A03909301FB68ED600FCB825 /* KKHomeTableViewCell.swift in Sources */,
				A0A168B11FB6B86700785B59 /* KKHomeViewController.swift in Sources */,
				A0A168AF1FB6B7E100785B59 /* KKCalculateViewController.swift in Sources */,
			);
			runOnlyForDeploymentPostprocessing = 0;
		};
/* End PBXSourcesBuildPhase section */

/* Begin PBXVariantGroup section */
		A025ABC31FB0A60C0064D0F3 /* Main.storyboard */ = {
			isa = PBXVariantGroup;
			children = (
				A025ABC41FB0A60C0064D0F3 /* Base */,
			);
			name = Main.storyboard;
			sourceTree = "<group>";
		};
		A025ABC81FB0A60C0064D0F3 /* LaunchScreen.storyboard */ = {
			isa = PBXVariantGroup;
			children = (
				A025ABC91FB0A60C0064D0F3 /* Base */,
			);
			name = LaunchScreen.storyboard;
			sourceTree = "<group>";
		};
/* End PBXVariantGroup section */

/* Begin XCBuildConfiguration section */
		A025ABCC1FB0A60C0064D0F3 /* Debug */ = {
			isa = XCBuildConfiguration;
			buildSettings = {
				ALWAYS_SEARCH_USER_PATHS = NO;
				CLANG_ANALYZER_NONNULL = YES;
				CLANG_ANALYZER_NUMBER_OBJECT_CONVERSION = YES_AGGRESSIVE;
				CLANG_CXX_LANGUAGE_STANDARD = "gnu++14";
				CLANG_CXX_LIBRARY = "libc++";
				CLANG_ENABLE_MODULES = YES;
				CLANG_ENABLE_OBJC_ARC = YES;
				CLANG_WARN_BLOCK_CAPTURE_AUTORELEASING = YES;
				CLANG_WARN_BOOL_CONVERSION = YES;
				CLANG_WARN_COMMA = YES;
				CLANG_WARN_CONSTANT_CONVERSION = YES;
				CLANG_WARN_DIRECT_OBJC_ISA_USAGE = YES_ERROR;
				CLANG_WARN_DOCUMENTATION_COMMENTS = YES;
				CLANG_WARN_EMPTY_BODY = YES;
				CLANG_WARN_ENUM_CONVERSION = YES;
				CLANG_WARN_INFINITE_RECURSION = YES;
				CLANG_WARN_INT_CONVERSION = YES;
				CLANG_WARN_NON_LITERAL_NULL_CONVERSION = YES;
				CLANG_WARN_OBJC_LITERAL_CONVERSION = YES;
				CLANG_WARN_OBJC_ROOT_CLASS = YES_ERROR;
				CLANG_WARN_RANGE_LOOP_ANALYSIS = YES;
				CLANG_WARN_STRICT_PROTOTYPES = YES;
				CLANG_WARN_SUSPICIOUS_MOVE = YES;
				CLANG_WARN_UNGUARDED_AVAILABILITY = YES_AGGRESSIVE;
				CLANG_WARN_UNREACHABLE_CODE = YES;
				CLANG_WARN__DUPLICATE_METHOD_MATCH = YES;
				CODE_SIGN_IDENTITY = "iPhone Developer";
				COPY_PHASE_STRIP = NO;
				DEBUG_INFORMATION_FORMAT = dwarf;
				ENABLE_STRICT_OBJC_MSGSEND = YES;
				ENABLE_TESTABILITY = YES;
				GCC_C_LANGUAGE_STANDARD = gnu11;
				GCC_DYNAMIC_NO_PIC = NO;
				GCC_NO_COMMON_BLOCKS = YES;
				GCC_OPTIMIZATION_LEVEL = 0;
				GCC_PREPROCESSOR_DEFINITIONS = (
					"DEBUG=1",
					"$(inherited)",
				);
				GCC_WARN_64_TO_32_BIT_CONVERSION = YES;
				GCC_WARN_ABOUT_RETURN_TYPE = YES_ERROR;
				GCC_WARN_UNDECLARED_SELECTOR = YES;
				GCC_WARN_UNINITIALIZED_AUTOS = YES_AGGRESSIVE;
				GCC_WARN_UNUSED_FUNCTION = YES;
				GCC_WARN_UNUSED_VARIABLE = YES;
				IPHONEOS_DEPLOYMENT_TARGET = 11.0;
				MTL_ENABLE_DEBUG_INFO = YES;
				ONLY_ACTIVE_ARCH = YES;
				SDKROOT = iphoneos;
				SWIFT_ACTIVE_COMPILATION_CONDITIONS = DEBUG;
				SWIFT_OPTIMIZATION_LEVEL = "-Onone";
			};
			name = Debug;
		};
		A025ABCD1FB0A60C0064D0F3 /* Release */ = {
			isa = XCBuildConfiguration;
			buildSettings = {
				ALWAYS_SEARCH_USER_PATHS = NO;
				CLANG_ANALYZER_NONNULL = YES;
				CLANG_ANALYZER_NUMBER_OBJECT_CONVERSION = YES_AGGRESSIVE;
				CLANG_CXX_LANGUAGE_STANDARD = "gnu++14";
				CLANG_CXX_LIBRARY = "libc++";
				CLANG_ENABLE_MODULES = YES;
				CLANG_ENABLE_OBJC_ARC = YES;
				CLANG_WARN_BLOCK_CAPTURE_AUTORELEASING = YES;
				CLANG_WARN_BOOL_CONVERSION = YES;
				CLANG_WARN_COMMA = YES;
				CLANG_WARN_CONSTANT_CONVERSION = YES;
				CLANG_WARN_DIRECT_OBJC_ISA_USAGE = YES_ERROR;
				CLANG_WARN_DOCUMENTATION_COMMENTS = YES;
				CLANG_WARN_EMPTY_BODY = YES;
				CLANG_WARN_ENUM_CONVERSION = YES;
				CLANG_WARN_INFINITE_RECURSION = YES;
				CLANG_WARN_INT_CONVERSION = YES;
				CLANG_WARN_NON_LITERAL_NULL_CONVERSION = YES;
				CLANG_WARN_OBJC_LITERAL_CONVERSION = YES;
				CLANG_WARN_OBJC_ROOT_CLASS = YES_ERROR;
				CLANG_WARN_RANGE_LOOP_ANALYSIS = YES;
				CLANG_WARN_STRICT_PROTOTYPES = YES;
				CLANG_WARN_SUSPICIOUS_MOVE = YES;
				CLANG_WARN_UNGUARDED_AVAILABILITY = YES_AGGRESSIVE;
				CLANG_WARN_UNREACHABLE_CODE = YES;
				CLANG_WARN__DUPLICATE_METHOD_MATCH = YES;
				CODE_SIGN_IDENTITY = "iPhone Developer";
				COPY_PHASE_STRIP = NO;
				DEBUG_INFORMATION_FORMAT = "dwarf-with-dsym";
				ENABLE_NS_ASSERTIONS = NO;
				ENABLE_STRICT_OBJC_MSGSEND = YES;
				GCC_C_LANGUAGE_STANDARD = gnu11;
				GCC_NO_COMMON_BLOCKS = YES;
				GCC_WARN_64_TO_32_BIT_CONVERSION = YES;
				GCC_WARN_ABOUT_RETURN_TYPE = YES_ERROR;
				GCC_WARN_UNDECLARED_SELECTOR = YES;
				GCC_WARN_UNINITIALIZED_AUTOS = YES_AGGRESSIVE;
				GCC_WARN_UNUSED_FUNCTION = YES;
				GCC_WARN_UNUSED_VARIABLE = YES;
				IPHONEOS_DEPLOYMENT_TARGET = 11.0;
				MTL_ENABLE_DEBUG_INFO = NO;
				SDKROOT = iphoneos;
				SWIFT_OPTIMIZATION_LEVEL = "-Owholemodule";
				VALIDATE_PRODUCT = YES;
			};
			name = Release;
		};
		A025ABCF1FB0A60C0064D0F3 /* Debug */ = {
			isa = XCBuildConfiguration;
			baseConfigurationReference = EC19452A7AB4DE88611D2999 /* Pods-KekeRoom.debug.xcconfig */;
			buildSettings = {
				ASSETCATALOG_COMPILER_APPICON_NAME = AppIcon;
				CODE_SIGN_STYLE = Automatic;
				DEVELOPMENT_TEAM = FU2N2VJN4R;
				INFOPLIST_FILE = KekeRoom/Info.plist;
				LD_RUNPATH_SEARCH_PATHS = "$(inherited) @executable_path/Frameworks";
				PRODUCT_BUNDLE_IDENTIFIER = keke.KekeRoom;
				PRODUCT_NAME = "$(TARGET_NAME)";
				SWIFT_VERSION = 4.0;
				TARGETED_DEVICE_FAMILY = "1,2";
			};
			name = Debug;
		};
		A025ABD01FB0A60C0064D0F3 /* Release */ = {
			isa = XCBuildConfiguration;
			baseConfigurationReference = 80A9546F15D6913C4B4A74B2 /* Pods-KekeRoom.release.xcconfig */;
			buildSettings = {
				ASSETCATALOG_COMPILER_APPICON_NAME = AppIcon;
				CODE_SIGN_STYLE = Automatic;
				DEVELOPMENT_TEAM = FU2N2VJN4R;
				INFOPLIST_FILE = KekeRoom/Info.plist;
				LD_RUNPATH_SEARCH_PATHS = "$(inherited) @executable_path/Frameworks";
				PRODUCT_BUNDLE_IDENTIFIER = keke.KekeRoom;
				PRODUCT_NAME = "$(TARGET_NAME)";
				SWIFT_VERSION = 4.0;
				TARGETED_DEVICE_FAMILY = "1,2";
			};
			name = Release;
		};
/* End XCBuildConfiguration section */

/* Begin XCConfigurationList section */
		A025ABB71FB0A60C0064D0F3 /* Build configuration list for PBXProject "KekeRoom" */ = {
			isa = XCConfigurationList;
			buildConfigurations = (
				A025ABCC1FB0A60C0064D0F3 /* Debug */,
				A025ABCD1FB0A60C0064D0F3 /* Release */,
			);
			defaultConfigurationIsVisible = 0;
			defaultConfigurationName = Release;
		};
		A025ABCE1FB0A60C0064D0F3 /* Build configuration list for PBXNativeTarget "KekeRoom" */ = {
			isa = XCConfigurationList;
			buildConfigurations = (
				A025ABCF1FB0A60C0064D0F3 /* Debug */,
				A025ABD01FB0A60C0064D0F3 /* Release */,
			);
			defaultConfigurationIsVisible = 0;
			defaultConfigurationName = Release;
		};
/* End XCConfigurationList section */
	};
	rootObject = A025ABB41FB0A60C0064D0F3 /* Project object */;
}
